
Microsoft Visual Studio Solution File, Format Version 12.00
# Visual Studio Version 17
VisualStudioVersion = 17.7.34221.43
MinimumVisualStudioVersion = 10.0.40219.1
Project("{FAE04EC0-301F-11D3-BF4B-00C04F79EFBC}") = "Assignment21", "Assignment21\Assignment21.csproj", "{680A9DE4-3CEC-43C7-9F3A-9592A795F762}"
EndProject
Global
	GlobalSection(SolutionConfigurationPlatforms) = preSolution
		Debug|Any CPU = Debug|Any CPU
		Release|Any CPU = Release|Any CPU
	EndGlobalSection
	GlobalSection(ProjectConfigurationPlatforms) = postSolution
		{680A9DE4-3CEC-43C7-9F3A-9592A795F762}.Debug|Any CPU.ActiveCfg = Debug|Any CPU
		{680A9DE4-3CEC-43C7-9F3A-9592A795F762}.Debug|Any CPU.Build.0 = Debug|Any CPU
		{680A9DE4-3CEC-43C7-9F3A-9592A795F762}.Release|Any CPU.ActiveCfg = Release|Any CPU
		{680A9DE4-3CEC-43C7-9F3A-9592A795F762}.Release|Any CPU.Build.0 = Release|Any CPU
	EndGlobalSection
	GlobalSection(SolutionProperties) = preSolution
		HideSolutionNode = FALSE
	EndGlobalSection
	GlobalSection(ExtensibilityGlobals) = postSolution
		SolutionGuid = {76D16EC1-89B5-4442-AF1C-C9BF8C2F3B33}
	EndGlobalSection
EndGlobal
